
Microsoft Visual Studio Solution File, Format Version 12.00
# Visual Studio Version 17
VisualStudioVersion = 17.0.31903.59
MinimumVisualStudioVersion = 10.0.40219.1
Project("{FAE04EC0-301F-11D3-BF4B-00C04F79EFBC}") = "Tmp", "src\Tmp\Tmp.csproj", "{3604E457-DD57-4A89-9965-E8E6DCF44303}"
EndProject
Project("{FAE04EC0-301F-11D3-BF4B-00C04F79EFBC}") = "Tmp.Program", "src\Tmp.Program\Tmp.Program.csproj", "{CFA3BC41-39DD-4688-A6CB-5536A39502BE}"
EndProject
Project("{FAE04EC0-301F-11D3-BF4B-00C04F79EFBC}") = "Tmp.Tests", "src\Tmp.Tests\Tmp.Tests.csproj", "{A7B4D21E-3E46-4FAE-9289-E8A78EF95139}"
EndProject
Global
	GlobalSection(SolutionConfigurationPlatforms) = preSolution
		Debug|Any CPU = Debug|Any CPU
		Release|Any CPU = Release|Any CPU
	EndGlobalSection
	GlobalSection(SolutionProperties) = preSolution
		HideSolutionNode = FALSE
	EndGlobalSection
	GlobalSection(ProjectConfigurationPlatforms) = postSolution
		{3604E457-DD57-4A89-9965-E8E6DCF44303}.Debug|Any CPU.ActiveCfg = Debug|Any CPU
		{3604E457-DD57-4A89-9965-E8E6DCF44303}.Debug|Any CPU.Build.0 = Debug|Any CPU
		{3604E457-DD57-4A89-9965-E8E6DCF44303}.Release|Any CPU.ActiveCfg = Release|Any CPU
		{3604E457-DD57-4A89-9965-E8E6DCF44303}.Release|Any CPU.Build.0 = Release|Any CPU
		{CFA3BC41-39DD-4688-A6CB-5536A39502BE}.Debug|Any CPU.ActiveCfg = Debug|Any CPU
		{CFA3BC41-39DD-4688-A6CB-5536A39502BE}.Debug|Any CPU.Build.0 = Debug|Any CPU
		{CFA3BC41-39DD-4688-A6CB-5536A39502BE}.Release|Any CPU.ActiveCfg = Release|Any CPU
		{CFA3BC41-39DD-4688-A6CB-5536A39502BE}.Release|Any CPU.Build.0 = Release|Any CPU
		{A7B4D21E-3E46-4FAE-9289-E8A78EF95139}.Debug|Any CPU.ActiveCfg = Debug|Any CPU
		{A7B4D21E-3E46-4FAE-9289-E8A78EF95139}.Debug|Any CPU.Build.0 = Debug|Any CPU
		{A7B4D21E-3E46-4FAE-9289-E8A78EF95139}.Release|Any CPU.ActiveCfg = Release|Any CPU
		{A7B4D21E-3E46-4FAE-9289-E8A78EF95139}.Release|Any CPU.Build.0 = Release|Any CPU
	EndGlobalSection
EndGlobal
